
Microsoft Visual Studio Solution File, Format Version 12.00
# Visual Studio 14
VisualStudioVersion = 14.0.25420.1
MinimumVisualStudioVersion = 10.0.40219.1
Project("{2150E333-8FDC-42A3-9474-1A3956D46DE8}") = "src", "src", "{30EC62CB-F28F-4E6F-8C01-7AA476486FB8}"
EndProject
Project("{2150E333-8FDC-42A3-9474-1A3956D46DE8}") = "Solution Items", "Solution Items", "{0B42FBD1-09A5-4973-AB67-9B8814A7C1AE}"
	ProjectSection(SolutionItems) = preProject
		global.json = global.json
	EndProjectSection
EndProject
Project("{8BB2217D-0F2D-49D1-97BC-3654ED321F3B}") = "ElectronicsStoreApi", "src\ElectronicsStoreApi\ElectronicsStoreApi.xproj", "{BAF82737-5B78-465E-817D-6FB04B85838F}"
EndProject
Project("{8BB2217D-0F2D-49D1-97BC-3654ED321F3B}") = "ElectronicsStoreWeb", "src\ElectronicsStoreWeb\ElectronicsStoreWeb.xproj", "{6C0524AD-8532-4857-B573-FB20E9C02602}"
EndProject
Global
	GlobalSection(SolutionConfigurationPlatforms) = preSolution
		Debug|Any CPU = Debug|Any CPU
		Release|Any CPU = Release|Any CPU
	EndGlobalSection
	GlobalSection(ProjectConfigurationPlatforms) = postSolution
		{BAF82737-5B78-465E-817D-6FB04B85838F}.Debug|Any CPU.ActiveCfg = Debug|Any CPU
		{BAF82737-5B78-465E-817D-6FB04B85838F}.Debug|Any CPU.Build.0 = Debug|Any CPU
		{BAF82737-5B78-465E-817D-6FB04B85838F}.Release|Any CPU.ActiveCfg = Release|Any CPU
		{BAF82737-5B78-465E-817D-6FB04B85838F}.Release|Any CPU.Build.0 = Release|Any CPU
		{6C0524AD-8532-4857-B573-FB20E9C02602}.Debug|Any CPU.ActiveCfg = Debug|Any CPU
		{6C0524AD-8532-4857-B573-FB20E9C02602}.Debug|Any CPU.Build.0 = Debug|Any CPU
		{6C0524AD-8532-4857-B573-FB20E9C02602}.Release|Any CPU.ActiveCfg = Release|Any CPU
		{6C0524AD-8532-4857-B573-FB20E9C02602}.Release|Any CPU.Build.0 = Release|Any CPU
	EndGlobalSection
	GlobalSection(SolutionProperties) = preSolution
		HideSolutionNode = FALSE
	EndGlobalSection
	GlobalSection(NestedProjects) = preSolution
		{BAF82737-5B78-465E-817D-6FB04B85838F} = {30EC62CB-F28F-4E6F-8C01-7AA476486FB8}
		{6C0524AD-8532-4857-B573-FB20E9C02602} = {30EC62CB-F28F-4E6F-8C01-7AA476486FB8}
	EndGlobalSection
EndGlobal
